
Microsoft Visual Studio Solution File, Format Version 12.00
# Visual Studio 15
Project("{FAE04EC0-301F-11D3-BF4B-00C04F79EFBC}") = "pooch", "pooch\pooch.csproj", "{C551F63E-7F10-445A-B97A-8E62B3D0FA63}"
EndProject
Global
	GlobalSection(SolutionConfigurationPlatforms) = preSolution
		Debug|Any CPU = Debug|Any CPU
		Release|Any CPU = Release|Any CPU
	EndGlobalSection
	GlobalSection(ProjectConfigurationPlatforms) = postSolution
		{C551F63E-7F10-445A-B97A-8E62B3D0FA63}.Debug|Any CPU.ActiveCfg = Debug|Any CPU
		{C551F63E-7F10-445A-B97A-8E62B3D0FA63}.Debug|Any CPU.Build.0 = Debug|Any CPU
		{C551F63E-7F10-445A-B97A-8E62B3D0FA63}.Release|Any CPU.ActiveCfg = Release|Any CPU
		{C551F63E-7F10-445A-B97A-8E62B3D0FA63}.Release|Any CPU.Build.0 = Release|Any CPU
	EndGlobalSection
EndGlobal
